
Microsoft Visual Studio Solution File, Format Version 12.00
# Visual Studio Version 17
VisualStudioVersion = 17.11.35312.102
MinimumVisualStudioVersion = 10.0.40219.1
Project("{FAE04EC0-301F-11D3-BF4B-00C04F79EFBC}") = "robotti", "robotti.csproj", "{C1AB0426-4D9B-4DD6-B7EC-FEC0CC43A12C}"
EndProject
Global
	GlobalSection(SolutionConfigurationPlatforms) = preSolution
		Debug|Any CPU = Debug|Any CPU
		Release|Any CPU = Release|Any CPU
	EndGlobalSection
	GlobalSection(ProjectConfigurationPlatforms) = postSolution
		{C1AB0426-4D9B-4DD6-B7EC-FEC0CC43A12C}.Debug|Any CPU.ActiveCfg = Debug|Any CPU
		{C1AB0426-4D9B-4DD6-B7EC-FEC0CC43A12C}.Debug|Any CPU.Build.0 = Debug|Any CPU
		{C1AB0426-4D9B-4DD6-B7EC-FEC0CC43A12C}.Release|Any CPU.ActiveCfg = Release|Any CPU
		{C1AB0426-4D9B-4DD6-B7EC-FEC0CC43A12C}.Release|Any CPU.Build.0 = Release|Any CPU
	EndGlobalSection
	GlobalSection(SolutionProperties) = preSolution
		HideSolutionNode = FALSE
	EndGlobalSection
	GlobalSection(ExtensibilityGlobals) = postSolution
		SolutionGuid = {6EA107C6-4ACC-425F-8000-AD0866004AAE}
	EndGlobalSection
EndGlobal
