
Microsoft Visual Studio Solution File, Format Version 12.00
# Visual Studio Version 17
VisualStudioVersion = 17.11.35312.102
MinimumVisualStudioVersion = 10.0.40219.1
Project("{FAE04EC0-301F-11D3-BF4B-00C04F79EFBC}") = "nuolia kaupan", "nuolia kaupan.csproj", "{D8A0C8C0-133D-4C1A-8925-80BFEFA60F5E}"
EndProject
Global
	GlobalSection(SolutionConfigurationPlatforms) = preSolution
		Debug|Any CPU = Debug|Any CPU
		Release|Any CPU = Release|Any CPU
	EndGlobalSection
	GlobalSection(ProjectConfigurationPlatforms) = postSolution
		{D8A0C8C0-133D-4C1A-8925-80BFEFA60F5E}.Debug|Any CPU.ActiveCfg = Debug|Any CPU
		{D8A0C8C0-133D-4C1A-8925-80BFEFA60F5E}.Debug|Any CPU.Build.0 = Debug|Any CPU
		{D8A0C8C0-133D-4C1A-8925-80BFEFA60F5E}.Release|Any CPU.ActiveCfg = Release|Any CPU
		{D8A0C8C0-133D-4C1A-8925-80BFEFA60F5E}.Release|Any CPU.Build.0 = Release|Any CPU
	EndGlobalSection
	GlobalSection(SolutionProperties) = preSolution
		HideSolutionNode = FALSE
	EndGlobalSection
	GlobalSection(ExtensibilityGlobals) = postSolution
		SolutionGuid = {447C2F9B-D32E-4903-9C95-4A8605BF2D24}
	EndGlobalSection
EndGlobal
