
Microsoft Visual Studio Solution File, Format Version 12.00
# Visual Studio Version 17
VisualStudioVersion = 17.11.35312.102
MinimumVisualStudioVersion = 10.0.40219.1
Project("{FAE04EC0-301F-11D3-BF4B-00C04F79EFBC}") = "seikkailijanreppu", "seikkailijanreppu.csproj", "{49868DB9-DC28-4FD3-85EF-09E356340BDE}"
EndProject
Global
	GlobalSection(SolutionConfigurationPlatforms) = preSolution
		Debug|Any CPU = Debug|Any CPU
		Release|Any CPU = Release|Any CPU
	EndGlobalSection
	GlobalSection(ProjectConfigurationPlatforms) = postSolution
		{49868DB9-DC28-4FD3-85EF-09E356340BDE}.Debug|Any CPU.ActiveCfg = Debug|Any CPU
		{49868DB9-DC28-4FD3-85EF-09E356340BDE}.Debug|Any CPU.Build.0 = Debug|Any CPU
		{49868DB9-DC28-4FD3-85EF-09E356340BDE}.Release|Any CPU.ActiveCfg = Release|Any CPU
		{49868DB9-DC28-4FD3-85EF-09E356340BDE}.Release|Any CPU.Build.0 = Release|Any CPU
	EndGlobalSection
	GlobalSection(SolutionProperties) = preSolution
		HideSolutionNode = FALSE
	EndGlobalSection
	GlobalSection(ExtensibilityGlobals) = postSolution
		SolutionGuid = {1147B5C3-B355-46FF-94D9-46906AAF4E58}
	EndGlobalSection
EndGlobal
